{
  "name": "web3rsvp",
  "version": "1.0.0",
  "lockfileVersion": 2,
  "requires": true,
  "packages": {
    "": {
      "name": "web3rsvp",
      "version": "1.0.0",
      "license": "ISC",
      "dependencies": {
        "@protofire/subgraph-toolkit": "^0.1.2"
      }
    },
    "node_modules/.pnpm/@types+prettier@2.7.0/node_modules/@types/prettier": {
      "version": "2.7.0",
      "extraneous": true,
      "license": "MIT"
    },
    "node_modules/.pnpm/prettier@2.7.1/node_modules/prettier": {
      "version": "2.7.1",
      "license": "MIT",
      "peer": true,
      "bin": {
        "prettier": "bin-prettier.js"
      },
      "engines": {
        "node": ">=10.13.0"
      },
      "funding": {
        "url": "https://github.com/prettier/prettier?sponsor=1"
      }
    },
    "node_modules/@graphprotocol/graph-ts": {
      "version": "0.27.0",
      "resolved": "https://registry.npmjs.org/@graphprotocol/graph-ts/-/graph-ts-0.27.0.tgz",
      "integrity": "sha512-r1SPDIZVQiGMxcY8rhFSM0y7d/xAbQf5vHMWUf59js1KgoyWpM6P3tczZqmQd7JTmeyNsDGIPzd9FeaxllsU4w==",
      "peer": true,
      "dependencies": {
        "assemblyscript": "0.19.10"
      }
    },
    "node_modules/@protofire/subgraph-prettier-config": {
      "version": "0.1.1",
      "resolved": "https://registry.npmjs.org/@protofire/subgraph-prettier-config/-/subgraph-prettier-config-0.1.1.tgz",
      "integrity": "sha512-XJNXRYotEcywkCMsUMsbpzbC5xZUwQGwdk2NS+NNMhwNhm24i3SSO2dqJgnWYscmBGwpVZJTGVYK6f8g/Gn16g==",
      "peerDependencies": {
        "@graphprotocol/graph-ts": ">=0.12.0",
        "prettier": ">=1.17.0"
      }
    },
    "node_modules/@protofire/subgraph-toolkit": {
      "version": "0.1.2",
      "resolved": "https://registry.npmjs.org/@protofire/subgraph-toolkit/-/subgraph-toolkit-0.1.2.tgz",
      "integrity": "sha512-OyXa44LDjG766izmTLkkamfqw1tJbnQZTFL2/5S/0WbyhSxaPyO7xO+748dTvgdmlx2OWib5K7f7FcB2RtjZGQ==",
      "dependencies": {
        "@protofire/subgraph-prettier-config": "^0.1.1"
      },
      "peerDependencies": {
        "@graphprotocol/graph-ts": ">=0.20.0"
      }
    },
    "node_modules/assemblyscript": {
      "version": "0.19.10",
      "resolved": "https://registry.npmjs.org/assemblyscript/-/assemblyscript-0.19.10.tgz",
      "integrity": "sha512-HavcUBXB3mBTRGJcpvaQjmnmaqKHBGREjSPNsIvnAk2f9dj78y4BkMaSSdvBQYWcDDzsHQjyUC8stICFkD1Odg==",
      "peer": true,
      "dependencies": {
        "binaryen": "101.0.0-nightly.20210723",
        "long": "^4.0.0"
      },
      "bin": {
        "asc": "bin/asc",
        "asinit": "bin/asinit"
      },
      "funding": {
        "type": "opencollective",
        "url": "https://opencollective.com/assemblyscript"
      }
    },
    "node_modules/binaryen": {
      "version": "101.0.0-nightly.20210723",
      "resolved": "https://registry.npmjs.org/binaryen/-/binaryen-101.0.0-nightly.20210723.tgz",
      "integrity": "sha512-eioJNqhHlkguVSbblHOtLqlhtC882SOEPKmNFZaDuz1hzQjolxZ+eu3/kaS10n3sGPONsIZsO7R9fR00UyhEUA==",
      "peer": true,
      "bin": {
        "wasm-opt": "bin/wasm-opt"
      }
    },
    "node_modules/long": {
      "version": "4.0.0",
      "resolved": "https://registry.npmjs.org/long/-/long-4.0.0.tgz",
      "integrity": "sha512-XsP+KhQif4bjX1kbuSiySJFNAehNxgLb6hPRGJ9QsUr8ajHkuXGdrHmFUTUUXhDwVX2R5bY4JNZEwbUiMhV+MA==",
      "peer": true
    },
    "node_modules/prettier": {
      "resolved": "node_modules/.pnpm/prettier@2.7.1/node_modules/prettier",
      "link": true
    }
  },
  "dependencies": {
    "@graphprotocol/graph-ts": {
      "version": "0.27.0",
      "resolved": "https://registry.npmjs.org/@graphprotocol/graph-ts/-/graph-ts-0.27.0.tgz",
      "integrity": "sha512-r1SPDIZVQiGMxcY8rhFSM0y7d/xAbQf5vHMWUf59js1KgoyWpM6P3tczZqmQd7JTmeyNsDGIPzd9FeaxllsU4w==",
      "peer": true,
      "requires": {
        "assemblyscript": "0.19.10"
      }
    },
    "@protofire/subgraph-prettier-config": {
      "version": "0.1.1",
      "resolved": "https://registry.npmjs.org/@protofire/subgraph-prettier-config/-/subgraph-prettier-config-0.1.1.tgz",
      "integrity": "sha512-XJNXRYotEcywkCMsUMsbpzbC5xZUwQGwdk2NS+NNMhwNhm24i3SSO2dqJgnWYscmBGwpVZJTGVYK6f8g/Gn16g==",
      "requires": {}
    },
    "@protofire/subgraph-toolkit": {
      "version": "0.1.2",
      "resolved": "https://registry.npmjs.org/@protofire/subgraph-toolkit/-/subgraph-toolkit-0.1.2.tgz",
      "integrity": "sha512-OyXa44LDjG766izmTLkkamfqw1tJbnQZTFL2/5S/0WbyhSxaPyO7xO+748dTvgdmlx2OWib5K7f7FcB2RtjZGQ==",
      "requires": {
        "@protofire/subgraph-prettier-config": "^0.1.1"
      }
    },
    "assemblyscript": {
      "version": "0.19.10",
      "resolved": "https://registry.npmjs.org/assemblyscript/-/assemblyscript-0.19.10.tgz",
      "integrity": "sha512-HavcUBXB3mBTRGJcpvaQjmnmaqKHBGREjSPNsIvnAk2f9dj78y4BkMaSSdvBQYWcDDzsHQjyUC8stICFkD1Odg==",
      "peer": true,
      "requires": {
        "binaryen": "101.0.0-nightly.20210723",
        "long": "^4.0.0"
      }
    },
    "binaryen": {
      "version": "101.0.0-nightly.20210723",
      "resolved": "https://registry.npmjs.org/binaryen/-/binaryen-101.0.0-nightly.20210723.tgz",
      "integrity": "sha512-eioJNqhHlkguVSbblHOtLqlhtC882SOEPKmNFZaDuz1hzQjolxZ+eu3/kaS10n3sGPONsIZsO7R9fR00UyhEUA==",
      "peer": true
    },
    "long": {
      "version": "4.0.0",
      "resolved": "https://registry.npmjs.org/long/-/long-4.0.0.tgz",
      "integrity": "sha512-XsP+KhQif4bjX1kbuSiySJFNAehNxgLb6hPRGJ9QsUr8ajHkuXGdrHmFUTUUXhDwVX2R5bY4JNZEwbUiMhV+MA==",
      "peer": true
    },
    "prettier": {
      "version": "file:node_modules/.pnpm/prettier@2.7.1/node_modules/prettier"
    }
  }
}
